
Microsoft Visual Studio Solution File, Format Version 12.00
# Visual Studio Version 17
VisualStudioVersion = 17.3.32811.315
MinimumVisualStudioVersion = 10.0.40219.1
Project("{2150E333-8FDC-42A3-9474-1A3956D46DE8}") = "Clase1", "Clase1", "{561A55D2-002B-4818-B252-8B22C81FD71C}"
EndProject
Project("{2150E333-8FDC-42A3-9474-1A3956D46DE8}") = "Clase2", "Clase2", "{68CD38FB-F8FD-4D4D-B575-58BF3E423C73}"
EndProject
Project("{2150E333-8FDC-42A3-9474-1A3956D46DE8}") = "Clase3", "Clase3", "{6D50307E-89F3-4B6B-98C9-330214D07FB0}"
EndProject
Project("{2150E333-8FDC-42A3-9474-1A3956D46DE8}") = "Clase4", "Clase4", "{8E04A3CA-F5E4-492B-8A64-0AD633788A26}"
EndProject
Project("{2150E333-8FDC-42A3-9474-1A3956D46DE8}") = "Clase5", "Clase5", "{5A42448D-1449-4F8D-9B33-084C74A6B4E5}"
EndProject
Project("{FAE04EC0-301F-11D3-BF4B-00C04F79EFBC}") = "Error_al_cubo", "..\ErrorAlCubo\Error_al_cubo.csproj", "{5D52B765-4BE1-4092-9D91-87AA05EB1BBC}"
EndProject
Project("{FAE04EC0-301F-11D3-BF4B-00C04F79EFBC}") = "Maximo_minimo_promedio", "..\Maximo, minimo y promedio\Maximo_minimo_promedio.csproj", "{40C8AD36-B5A3-423A-8341-8CC20A78D6DB}"
EndProject
Project("{FAE04EC0-301F-11D3-BF4B-00C04F79EFBC}") = "Numeros_primos", "..\Numeros_primos\Numeros_primos.csproj", "{D60B813F-C406-4A88-A5ED-1B228CC22DE8}"
EndProject
Project("{FAE04EC0-301F-11D3-BF4B-00C04F79EFBC}") = "Validador_de_rangos", "..\Validador_de_rangos\Validador_de_rangos.csproj", "{A32C7956-2487-419A-AEFD-068BD6060E51}"
EndProject
Project("{FAE04EC0-301F-11D3-BF4B-00C04F79EFBC}") = "Validador", "..\BIblioteca\Validador.csproj", "{13B7F208-8EAB-47A7-955B-77F53DBD5A13}"
EndProject
Project("{FAE04EC0-301F-11D3-BF4B-00C04F79EFBC}") = "Prestamo", "..\Prestamo\Prestamo.csproj", "{E1ECCDF1-1443-4A43-B525-B387B671F25C}"
EndProject
Project("{FAE04EC0-301F-11D3-BF4B-00C04F79EFBC}") = "Cuenta", "..\Cuenta\Cuenta.csproj", "{6400A53C-0395-4F88-B248-DEF853E9A23F}"
EndProject
Project("{FAE04EC0-301F-11D3-BF4B-00C04F79EFBC}") = "La_estanteria", "..\La_estanteria\La_estanteria.csproj", "{6A0562DD-83C8-419C-9841-91B3045F879F}"
EndProject
Project("{FAE04EC0-301F-11D3-BF4B-00C04F79EFBC}") = "BibliotecaEstanteria", "..\BibliotecaEstanteria\BibliotecaEstanteria.csproj", "{E4F79DEA-F8BB-4C05-8CD7-9DE424D03A47}"
EndProject
Global
	GlobalSection(SolutionConfigurationPlatforms) = preSolution
		Debug|Any CPU = Debug|Any CPU
		Release|Any CPU = Release|Any CPU
	EndGlobalSection
	GlobalSection(ProjectConfigurationPlatforms) = postSolution
		{5D52B765-4BE1-4092-9D91-87AA05EB1BBC}.Debug|Any CPU.ActiveCfg = Debug|Any CPU
		{5D52B765-4BE1-4092-9D91-87AA05EB1BBC}.Debug|Any CPU.Build.0 = Debug|Any CPU
		{5D52B765-4BE1-4092-9D91-87AA05EB1BBC}.Release|Any CPU.ActiveCfg = Release|Any CPU
		{5D52B765-4BE1-4092-9D91-87AA05EB1BBC}.Release|Any CPU.Build.0 = Release|Any CPU
		{40C8AD36-B5A3-423A-8341-8CC20A78D6DB}.Debug|Any CPU.ActiveCfg = Debug|Any CPU
		{40C8AD36-B5A3-423A-8341-8CC20A78D6DB}.Debug|Any CPU.Build.0 = Debug|Any CPU
		{40C8AD36-B5A3-423A-8341-8CC20A78D6DB}.Release|Any CPU.ActiveCfg = Release|Any CPU
		{40C8AD36-B5A3-423A-8341-8CC20A78D6DB}.Release|Any CPU.Build.0 = Release|Any CPU
		{D60B813F-C406-4A88-A5ED-1B228CC22DE8}.Debug|Any CPU.ActiveCfg = Debug|Any CPU
		{D60B813F-C406-4A88-A5ED-1B228CC22DE8}.Debug|Any CPU.Build.0 = Debug|Any CPU
		{D60B813F-C406-4A88-A5ED-1B228CC22DE8}.Release|Any CPU.ActiveCfg = Release|Any CPU
		{D60B813F-C406-4A88-A5ED-1B228CC22DE8}.Release|Any CPU.Build.0 = Release|Any CPU
		{A32C7956-2487-419A-AEFD-068BD6060E51}.Debug|Any CPU.ActiveCfg = Debug|Any CPU
		{A32C7956-2487-419A-AEFD-068BD6060E51}.Debug|Any CPU.Build.0 = Debug|Any CPU
		{A32C7956-2487-419A-AEFD-068BD6060E51}.Release|Any CPU.ActiveCfg = Release|Any CPU
		{A32C7956-2487-419A-AEFD-068BD6060E51}.Release|Any CPU.Build.0 = Release|Any CPU
		{13B7F208-8EAB-47A7-955B-77F53DBD5A13}.Debug|Any CPU.ActiveCfg = Debug|Any CPU
		{13B7F208-8EAB-47A7-955B-77F53DBD5A13}.Debug|Any CPU.Build.0 = Debug|Any CPU
		{13B7F208-8EAB-47A7-955B-77F53DBD5A13}.Release|Any CPU.ActiveCfg = Release|Any CPU
		{13B7F208-8EAB-47A7-955B-77F53DBD5A13}.Release|Any CPU.Build.0 = Release|Any CPU
		{E1ECCDF1-1443-4A43-B525-B387B671F25C}.Debug|Any CPU.ActiveCfg = Debug|Any CPU
		{E1ECCDF1-1443-4A43-B525-B387B671F25C}.Debug|Any CPU.Build.0 = Debug|Any CPU
		{E1ECCDF1-1443-4A43-B525-B387B671F25C}.Release|Any CPU.ActiveCfg = Release|Any CPU
		{E1ECCDF1-1443-4A43-B525-B387B671F25C}.Release|Any CPU.Build.0 = Release|Any CPU
		{6400A53C-0395-4F88-B248-DEF853E9A23F}.Debug|Any CPU.ActiveCfg = Debug|Any CPU
		{6400A53C-0395-4F88-B248-DEF853E9A23F}.Debug|Any CPU.Build.0 = Debug|Any CPU
		{6400A53C-0395-4F88-B248-DEF853E9A23F}.Release|Any CPU.ActiveCfg = Release|Any CPU
		{6400A53C-0395-4F88-B248-DEF853E9A23F}.Release|Any CPU.Build.0 = Release|Any CPU
		{6A0562DD-83C8-419C-9841-91B3045F879F}.Debug|Any CPU.ActiveCfg = Debug|Any CPU
		{6A0562DD-83C8-419C-9841-91B3045F879F}.Debug|Any CPU.Build.0 = Debug|Any CPU
		{6A0562DD-83C8-419C-9841-91B3045F879F}.Release|Any CPU.ActiveCfg = Release|Any CPU
		{6A0562DD-83C8-419C-9841-91B3045F879F}.Release|Any CPU.Build.0 = Release|Any CPU
		{E4F79DEA-F8BB-4C05-8CD7-9DE424D03A47}.Debug|Any CPU.ActiveCfg = Debug|Any CPU
		{E4F79DEA-F8BB-4C05-8CD7-9DE424D03A47}.Debug|Any CPU.Build.0 = Debug|Any CPU
		{E4F79DEA-F8BB-4C05-8CD7-9DE424D03A47}.Release|Any CPU.ActiveCfg = Release|Any CPU
		{E4F79DEA-F8BB-4C05-8CD7-9DE424D03A47}.Release|Any CPU.Build.0 = Release|Any CPU
	EndGlobalSection
	GlobalSection(SolutionProperties) = preSolution
		HideSolutionNode = FALSE
	EndGlobalSection
	GlobalSection(NestedProjects) = preSolution
		{5D52B765-4BE1-4092-9D91-87AA05EB1BBC} = {561A55D2-002B-4818-B252-8B22C81FD71C}
		{40C8AD36-B5A3-423A-8341-8CC20A78D6DB} = {561A55D2-002B-4818-B252-8B22C81FD71C}
		{D60B813F-C406-4A88-A5ED-1B228CC22DE8} = {561A55D2-002B-4818-B252-8B22C81FD71C}
		{A32C7956-2487-419A-AEFD-068BD6060E51} = {68CD38FB-F8FD-4D4D-B575-58BF3E423C73}
		{13B7F208-8EAB-47A7-955B-77F53DBD5A13} = {68CD38FB-F8FD-4D4D-B575-58BF3E423C73}
		{E1ECCDF1-1443-4A43-B525-B387B671F25C} = {6D50307E-89F3-4B6B-98C9-330214D07FB0}
		{6400A53C-0395-4F88-B248-DEF853E9A23F} = {6D50307E-89F3-4B6B-98C9-330214D07FB0}
		{6A0562DD-83C8-419C-9841-91B3045F879F} = {8E04A3CA-F5E4-492B-8A64-0AD633788A26}
		{E4F79DEA-F8BB-4C05-8CD7-9DE424D03A47} = {8E04A3CA-F5E4-492B-8A64-0AD633788A26}
	EndGlobalSection
	GlobalSection(ExtensibilityGlobals) = postSolution
		SolutionGuid = {607D460A-67D2-4BA7-94C1-83069998A885}
	EndGlobalSection
EndGlobal
